
Microsoft Visual Studio Solution File, Format Version 11.00
# Visual Studio 2010
Project("{FAE04EC0-301F-11D3-BF4B-00C04F79EFBC}") = "Hicmah", "Hicmah\Hicmah.csproj", "{1EFC325B-5660-4EB7-9EB2-60F0ADD235EB}"
EndProject
Project("{FAE04EC0-301F-11D3-BF4B-00C04F79EFBC}") = "SampleWebForms", "SampleWebForms\SampleWebForms.csproj", "{DEDF4110-B645-4E6C-ACD1-3AE97644CD9E}"
EndProject
Project("{FAE04EC0-301F-11D3-BF4B-00C04F79EFBC}") = "Hicmah.IntegrationTests", "Hicmah.IntegrationTests\Hicmah.IntegrationTests.csproj", "{CE0235D0-1643-4382-B247-AEE84295A4B8}"
EndProject
Project("{FAE04EC0-301F-11D3-BF4B-00C04F79EFBC}") = "Wrappers", "Wrappers\Wrappers.csproj", "{DD4A7D0A-0FE1-4FC9-B638-8D70613A7EB7}"
EndProject
Project("{2150E333-8FDC-42A3-9474-1A3956D46DE8}") = ".nuget", ".nuget", "{E252C760-1925-4969-A803-F1C3EE61BD03}"
	ProjectSection(SolutionItems) = preProject
		.nuget\packages.config = .nuget\packages.config
	EndProjectSection
EndProject
Project("{2CFEAB61-6A3B-4EB8-B523-560B4BEEF521}") = "SampleWebForms.csproj_deploy", "SampleWebForms.csproj_deploy\SampleWebForms.csproj_deploy.wdproj", "{66202E68-92E6-4C88-B442-67BC989D6429}"
EndProject
Global
	GlobalSection(SolutionConfigurationPlatforms) = preSolution
		Debug|Any CPU = Debug|Any CPU
		Debug|Mixed Platforms = Debug|Mixed Platforms
		Debug|PHP 5.3 = Debug|PHP 5.3
		Debug|x86 = Debug|x86
		Local|Any CPU = Local|Any CPU
		Local|Mixed Platforms = Local|Mixed Platforms
		Local|PHP 5.3 = Local|PHP 5.3
		Local|x86 = Local|x86
		Production|Any CPU = Production|Any CPU
		Production|Mixed Platforms = Production|Mixed Platforms
		Production|PHP 5.3 = Production|PHP 5.3
		Production|x86 = Production|x86
		Release|Any CPU = Release|Any CPU
		Release|Mixed Platforms = Release|Mixed Platforms
		Release|PHP 5.3 = Release|PHP 5.3
		Release|x86 = Release|x86
		Staging|Any CPU = Staging|Any CPU
		Staging|Mixed Platforms = Staging|Mixed Platforms
		Staging|PHP 5.3 = Staging|PHP 5.3
		Staging|x86 = Staging|x86
	EndGlobalSection
	GlobalSection(ProjectConfigurationPlatforms) = postSolution
		{1EFC325B-5660-4EB7-9EB2-60F0ADD235EB}.Debug|Any CPU.ActiveCfg = Debug|Any CPU
		{1EFC325B-5660-4EB7-9EB2-60F0ADD235EB}.Debug|Any CPU.Build.0 = Debug|Any CPU
		{1EFC325B-5660-4EB7-9EB2-60F0ADD235EB}.Debug|Mixed Platforms.ActiveCfg = Debug|Any CPU
		{1EFC325B-5660-4EB7-9EB2-60F0ADD235EB}.Debug|Mixed Platforms.Build.0 = Debug|Any CPU
		{1EFC325B-5660-4EB7-9EB2-60F0ADD235EB}.Debug|PHP 5.3.ActiveCfg = Debug|Any CPU
		{1EFC325B-5660-4EB7-9EB2-60F0ADD235EB}.Debug|x86.ActiveCfg = Debug|Any CPU
		{1EFC325B-5660-4EB7-9EB2-60F0ADD235EB}.Local|Any CPU.ActiveCfg = Release|Any CPU
		{1EFC325B-5660-4EB7-9EB2-60F0ADD235EB}.Local|Any CPU.Build.0 = Release|Any CPU
		{1EFC325B-5660-4EB7-9EB2-60F0ADD235EB}.Local|Mixed Platforms.ActiveCfg = Release|Any CPU
		{1EFC325B-5660-4EB7-9EB2-60F0ADD235EB}.Local|Mixed Platforms.Build.0 = Release|Any CPU
		{1EFC325B-5660-4EB7-9EB2-60F0ADD235EB}.Local|PHP 5.3.ActiveCfg = Release|Any CPU
		{1EFC325B-5660-4EB7-9EB2-60F0ADD235EB}.Local|x86.ActiveCfg = Release|Any CPU
		{1EFC325B-5660-4EB7-9EB2-60F0ADD235EB}.Production|Any CPU.ActiveCfg = Release|Any CPU
		{1EFC325B-5660-4EB7-9EB2-60F0ADD235EB}.Production|Any CPU.Build.0 = Release|Any CPU
		{1EFC325B-5660-4EB7-9EB2-60F0ADD235EB}.Production|Mixed Platforms.ActiveCfg = Release|Any CPU
		{1EFC325B-5660-4EB7-9EB2-60F0ADD235EB}.Production|Mixed Platforms.Build.0 = Release|Any CPU
		{1EFC325B-5660-4EB7-9EB2-60F0ADD235EB}.Production|PHP 5.3.ActiveCfg = Release|Any CPU
		{1EFC325B-5660-4EB7-9EB2-60F0ADD235EB}.Production|x86.ActiveCfg = Release|Any CPU
		{1EFC325B-5660-4EB7-9EB2-60F0ADD235EB}.Release|Any CPU.ActiveCfg = Release|Any CPU
		{1EFC325B-5660-4EB7-9EB2-60F0ADD235EB}.Release|Any CPU.Build.0 = Release|Any CPU
		{1EFC325B-5660-4EB7-9EB2-60F0ADD235EB}.Release|Mixed Platforms.ActiveCfg = Release|Any CPU
		{1EFC325B-5660-4EB7-9EB2-60F0ADD235EB}.Release|Mixed Platforms.Build.0 = Release|Any CPU
		{1EFC325B-5660-4EB7-9EB2-60F0ADD235EB}.Release|PHP 5.3.ActiveCfg = Release|Any CPU
		{1EFC325B-5660-4EB7-9EB2-60F0ADD235EB}.Release|x86.ActiveCfg = Release|Any CPU
		{1EFC325B-5660-4EB7-9EB2-60F0ADD235EB}.Staging|Any CPU.ActiveCfg = Release|Any CPU
		{1EFC325B-5660-4EB7-9EB2-60F0ADD235EB}.Staging|Any CPU.Build.0 = Release|Any CPU
		{1EFC325B-5660-4EB7-9EB2-60F0ADD235EB}.Staging|Mixed Platforms.ActiveCfg = Release|Any CPU
		{1EFC325B-5660-4EB7-9EB2-60F0ADD235EB}.Staging|Mixed Platforms.Build.0 = Release|Any CPU
		{1EFC325B-5660-4EB7-9EB2-60F0ADD235EB}.Staging|PHP 5.3.ActiveCfg = Release|Any CPU
		{1EFC325B-5660-4EB7-9EB2-60F0ADD235EB}.Staging|x86.ActiveCfg = Release|Any CPU
		{DEDF4110-B645-4E6C-ACD1-3AE97644CD9E}.Debug|Any CPU.ActiveCfg = Debug|Any CPU
		{DEDF4110-B645-4E6C-ACD1-3AE97644CD9E}.Debug|Any CPU.Build.0 = Debug|Any CPU
		{DEDF4110-B645-4E6C-ACD1-3AE97644CD9E}.Debug|Mixed Platforms.ActiveCfg = Debug|Any CPU
		{DEDF4110-B645-4E6C-ACD1-3AE97644CD9E}.Debug|Mixed Platforms.Build.0 = Debug|Any CPU
		{DEDF4110-B645-4E6C-ACD1-3AE97644CD9E}.Debug|PHP 5.3.ActiveCfg = Debug|Any CPU
		{DEDF4110-B645-4E6C-ACD1-3AE97644CD9E}.Debug|x86.ActiveCfg = Debug|Any CPU
		{DEDF4110-B645-4E6C-ACD1-3AE97644CD9E}.Local|Any CPU.ActiveCfg = Release|Any CPU
		{DEDF4110-B645-4E6C-ACD1-3AE97644CD9E}.Local|Any CPU.Build.0 = Release|Any CPU
		{DEDF4110-B645-4E6C-ACD1-3AE97644CD9E}.Local|Mixed Platforms.ActiveCfg = Release|Any CPU
		{DEDF4110-B645-4E6C-ACD1-3AE97644CD9E}.Local|Mixed Platforms.Build.0 = Release|Any CPU
		{DEDF4110-B645-4E6C-ACD1-3AE97644CD9E}.Local|PHP 5.3.ActiveCfg = Release|Any CPU
		{DEDF4110-B645-4E6C-ACD1-3AE97644CD9E}.Local|x86.ActiveCfg = Release|Any CPU
		{DEDF4110-B645-4E6C-ACD1-3AE97644CD9E}.Production|Any CPU.ActiveCfg = Release|Any CPU
		{DEDF4110-B645-4E6C-ACD1-3AE97644CD9E}.Production|Any CPU.Build.0 = Release|Any CPU
		{DEDF4110-B645-4E6C-ACD1-3AE97644CD9E}.Production|Mixed Platforms.ActiveCfg = Release|Any CPU
		{DEDF4110-B645-4E6C-ACD1-3AE97644CD9E}.Production|Mixed Platforms.Build.0 = Release|Any CPU
		{DEDF4110-B645-4E6C-ACD1-3AE97644CD9E}.Production|PHP 5.3.ActiveCfg = Release|Any CPU
		{DEDF4110-B645-4E6C-ACD1-3AE97644CD9E}.Production|x86.ActiveCfg = Release|Any CPU
		{DEDF4110-B645-4E6C-ACD1-3AE97644CD9E}.Release|Any CPU.ActiveCfg = Release|Any CPU
		{DEDF4110-B645-4E6C-ACD1-3AE97644CD9E}.Release|Any CPU.Build.0 = Release|Any CPU
		{DEDF4110-B645-4E6C-ACD1-3AE97644CD9E}.Release|Mixed Platforms.ActiveCfg = Release|Any CPU
		{DEDF4110-B645-4E6C-ACD1-3AE97644CD9E}.Release|Mixed Platforms.Build.0 = Release|Any CPU
		{DEDF4110-B645-4E6C-ACD1-3AE97644CD9E}.Release|PHP 5.3.ActiveCfg = Release|Any CPU
		{DEDF4110-B645-4E6C-ACD1-3AE97644CD9E}.Release|x86.ActiveCfg = Release|Any CPU
		{DEDF4110-B645-4E6C-ACD1-3AE97644CD9E}.Staging|Any CPU.ActiveCfg = Release|Any CPU
		{DEDF4110-B645-4E6C-ACD1-3AE97644CD9E}.Staging|Any CPU.Build.0 = Release|Any CPU
		{DEDF4110-B645-4E6C-ACD1-3AE97644CD9E}.Staging|Mixed Platforms.ActiveCfg = Release|Any CPU
		{DEDF4110-B645-4E6C-ACD1-3AE97644CD9E}.Staging|Mixed Platforms.Build.0 = Release|Any CPU
		{DEDF4110-B645-4E6C-ACD1-3AE97644CD9E}.Staging|PHP 5.3.ActiveCfg = Release|Any CPU
		{DEDF4110-B645-4E6C-ACD1-3AE97644CD9E}.Staging|x86.ActiveCfg = Release|Any CPU
		{CE0235D0-1643-4382-B247-AEE84295A4B8}.Debug|Any CPU.ActiveCfg = Debug|Any CPU
		{CE0235D0-1643-4382-B247-AEE84295A4B8}.Debug|Any CPU.Build.0 = Debug|Any CPU
		{CE0235D0-1643-4382-B247-AEE84295A4B8}.Debug|Mixed Platforms.ActiveCfg = Debug|Any CPU
		{CE0235D0-1643-4382-B247-AEE84295A4B8}.Debug|Mixed Platforms.Build.0 = Debug|Any CPU
		{CE0235D0-1643-4382-B247-AEE84295A4B8}.Debug|PHP 5.3.ActiveCfg = Debug|Any CPU
		{CE0235D0-1643-4382-B247-AEE84295A4B8}.Debug|x86.ActiveCfg = Debug|Any CPU
		{CE0235D0-1643-4382-B247-AEE84295A4B8}.Local|Any CPU.ActiveCfg = Release|Any CPU
		{CE0235D0-1643-4382-B247-AEE84295A4B8}.Local|Any CPU.Build.0 = Release|Any CPU
		{CE0235D0-1643-4382-B247-AEE84295A4B8}.Local|Mixed Platforms.ActiveCfg = Release|Any CPU
		{CE0235D0-1643-4382-B247-AEE84295A4B8}.Local|Mixed Platforms.Build.0 = Release|Any CPU
		{CE0235D0-1643-4382-B247-AEE84295A4B8}.Local|PHP 5.3.ActiveCfg = Release|Any CPU
		{CE0235D0-1643-4382-B247-AEE84295A4B8}.Local|x86.ActiveCfg = Release|Any CPU
		{CE0235D0-1643-4382-B247-AEE84295A4B8}.Production|Any CPU.ActiveCfg = Release|Any CPU
		{CE0235D0-1643-4382-B247-AEE84295A4B8}.Production|Any CPU.Build.0 = Release|Any CPU
		{CE0235D0-1643-4382-B247-AEE84295A4B8}.Production|Mixed Platforms.ActiveCfg = Release|Any CPU
		{CE0235D0-1643-4382-B247-AEE84295A4B8}.Production|Mixed Platforms.Build.0 = Release|Any CPU
		{CE0235D0-1643-4382-B247-AEE84295A4B8}.Production|PHP 5.3.ActiveCfg = Release|Any CPU
		{CE0235D0-1643-4382-B247-AEE84295A4B8}.Production|x86.ActiveCfg = Release|Any CPU
		{CE0235D0-1643-4382-B247-AEE84295A4B8}.Release|Any CPU.ActiveCfg = Release|Any CPU
		{CE0235D0-1643-4382-B247-AEE84295A4B8}.Release|Any CPU.Build.0 = Release|Any CPU
		{CE0235D0-1643-4382-B247-AEE84295A4B8}.Release|Mixed Platforms.ActiveCfg = Release|Any CPU
		{CE0235D0-1643-4382-B247-AEE84295A4B8}.Release|Mixed Platforms.Build.0 = Release|Any CPU
		{CE0235D0-1643-4382-B247-AEE84295A4B8}.Release|PHP 5.3.ActiveCfg = Release|Any CPU
		{CE0235D0-1643-4382-B247-AEE84295A4B8}.Release|x86.ActiveCfg = Release|Any CPU
		{CE0235D0-1643-4382-B247-AEE84295A4B8}.Staging|Any CPU.ActiveCfg = Release|Any CPU
		{CE0235D0-1643-4382-B247-AEE84295A4B8}.Staging|Any CPU.Build.0 = Release|Any CPU
		{CE0235D0-1643-4382-B247-AEE84295A4B8}.Staging|Mixed Platforms.ActiveCfg = Release|Any CPU
		{CE0235D0-1643-4382-B247-AEE84295A4B8}.Staging|Mixed Platforms.Build.0 = Release|Any CPU
		{CE0235D0-1643-4382-B247-AEE84295A4B8}.Staging|PHP 5.3.ActiveCfg = Release|Any CPU
		{CE0235D0-1643-4382-B247-AEE84295A4B8}.Staging|x86.ActiveCfg = Release|Any CPU
		{DD4A7D0A-0FE1-4FC9-B638-8D70613A7EB7}.Debug|Any CPU.ActiveCfg = Debug|Any CPU
		{DD4A7D0A-0FE1-4FC9-B638-8D70613A7EB7}.Debug|Any CPU.Build.0 = Debug|Any CPU
		{DD4A7D0A-0FE1-4FC9-B638-8D70613A7EB7}.Debug|Mixed Platforms.ActiveCfg = Debug|Any CPU
		{DD4A7D0A-0FE1-4FC9-B638-8D70613A7EB7}.Debug|Mixed Platforms.Build.0 = Debug|Any CPU
		{DD4A7D0A-0FE1-4FC9-B638-8D70613A7EB7}.Debug|PHP 5.3.ActiveCfg = Debug|Any CPU
		{DD4A7D0A-0FE1-4FC9-B638-8D70613A7EB7}.Debug|x86.ActiveCfg = Debug|Any CPU
		{DD4A7D0A-0FE1-4FC9-B638-8D70613A7EB7}.Local|Any CPU.ActiveCfg = Release|Any CPU
		{DD4A7D0A-0FE1-4FC9-B638-8D70613A7EB7}.Local|Any CPU.Build.0 = Release|Any CPU
		{DD4A7D0A-0FE1-4FC9-B638-8D70613A7EB7}.Local|Mixed Platforms.ActiveCfg = Release|Any CPU
		{DD4A7D0A-0FE1-4FC9-B638-8D70613A7EB7}.Local|Mixed Platforms.Build.0 = Release|Any CPU
		{DD4A7D0A-0FE1-4FC9-B638-8D70613A7EB7}.Local|PHP 5.3.ActiveCfg = Release|Any CPU
		{DD4A7D0A-0FE1-4FC9-B638-8D70613A7EB7}.Local|x86.ActiveCfg = Release|Any CPU
		{DD4A7D0A-0FE1-4FC9-B638-8D70613A7EB7}.Production|Any CPU.ActiveCfg = Release|Any CPU
		{DD4A7D0A-0FE1-4FC9-B638-8D70613A7EB7}.Production|Any CPU.Build.0 = Release|Any CPU
		{DD4A7D0A-0FE1-4FC9-B638-8D70613A7EB7}.Production|Mixed Platforms.ActiveCfg = Release|Any CPU
		{DD4A7D0A-0FE1-4FC9-B638-8D70613A7EB7}.Production|Mixed Platforms.Build.0 = Release|Any CPU
		{DD4A7D0A-0FE1-4FC9-B638-8D70613A7EB7}.Production|PHP 5.3.ActiveCfg = Release|Any CPU
		{DD4A7D0A-0FE1-4FC9-B638-8D70613A7EB7}.Production|x86.ActiveCfg = Release|Any CPU
		{DD4A7D0A-0FE1-4FC9-B638-8D70613A7EB7}.Release|Any CPU.ActiveCfg = Release|Any CPU
		{DD4A7D0A-0FE1-4FC9-B638-8D70613A7EB7}.Release|Any CPU.Build.0 = Release|Any CPU
		{DD4A7D0A-0FE1-4FC9-B638-8D70613A7EB7}.Release|Mixed Platforms.ActiveCfg = Release|Any CPU
		{DD4A7D0A-0FE1-4FC9-B638-8D70613A7EB7}.Release|Mixed Platforms.Build.0 = Release|Any CPU
		{DD4A7D0A-0FE1-4FC9-B638-8D70613A7EB7}.Release|PHP 5.3.ActiveCfg = Release|Any CPU
		{DD4A7D0A-0FE1-4FC9-B638-8D70613A7EB7}.Release|x86.ActiveCfg = Release|Any CPU
		{DD4A7D0A-0FE1-4FC9-B638-8D70613A7EB7}.Staging|Any CPU.ActiveCfg = Release|Any CPU
		{DD4A7D0A-0FE1-4FC9-B638-8D70613A7EB7}.Staging|Any CPU.Build.0 = Release|Any CPU
		{DD4A7D0A-0FE1-4FC9-B638-8D70613A7EB7}.Staging|Mixed Platforms.ActiveCfg = Release|Any CPU
		{DD4A7D0A-0FE1-4FC9-B638-8D70613A7EB7}.Staging|Mixed Platforms.Build.0 = Release|Any CPU
		{DD4A7D0A-0FE1-4FC9-B638-8D70613A7EB7}.Staging|PHP 5.3.ActiveCfg = Release|Any CPU
		{DD4A7D0A-0FE1-4FC9-B638-8D70613A7EB7}.Staging|x86.ActiveCfg = Release|Any CPU
		{66202E68-92E6-4C88-B442-67BC989D6429}.Debug|Any CPU.ActiveCfg = Debug|Any CPU
		{66202E68-92E6-4C88-B442-67BC989D6429}.Debug|Any CPU.Build.0 = Debug|Any CPU
		{66202E68-92E6-4C88-B442-67BC989D6429}.Debug|Mixed Platforms.ActiveCfg = Debug|Any CPU
		{66202E68-92E6-4C88-B442-67BC989D6429}.Debug|Mixed Platforms.Build.0 = Debug|Any CPU
		{66202E68-92E6-4C88-B442-67BC989D6429}.Debug|PHP 5.3.ActiveCfg = Debug|Any CPU
		{66202E68-92E6-4C88-B442-67BC989D6429}.Debug|x86.ActiveCfg = Debug|Any CPU
		{66202E68-92E6-4C88-B442-67BC989D6429}.Local|Any CPU.ActiveCfg = Release|Any CPU
		{66202E68-92E6-4C88-B442-67BC989D6429}.Local|Any CPU.Build.0 = Release|Any CPU
		{66202E68-92E6-4C88-B442-67BC989D6429}.Local|Mixed Platforms.ActiveCfg = Release|Any CPU
		{66202E68-92E6-4C88-B442-67BC989D6429}.Local|Mixed Platforms.Build.0 = Release|Any CPU
		{66202E68-92E6-4C88-B442-67BC989D6429}.Local|PHP 5.3.ActiveCfg = Release|Any CPU
		{66202E68-92E6-4C88-B442-67BC989D6429}.Local|x86.ActiveCfg = Release|Any CPU
		{66202E68-92E6-4C88-B442-67BC989D6429}.Production|Any CPU.ActiveCfg = Release|Any CPU
		{66202E68-92E6-4C88-B442-67BC989D6429}.Production|Any CPU.Build.0 = Release|Any CPU
		{66202E68-92E6-4C88-B442-67BC989D6429}.Production|Mixed Platforms.ActiveCfg = Release|Any CPU
		{66202E68-92E6-4C88-B442-67BC989D6429}.Production|Mixed Platforms.Build.0 = Release|Any CPU
		{66202E68-92E6-4C88-B442-67BC989D6429}.Production|PHP 5.3.ActiveCfg = Release|Any CPU
		{66202E68-92E6-4C88-B442-67BC989D6429}.Production|x86.ActiveCfg = Release|Any CPU
		{66202E68-92E6-4C88-B442-67BC989D6429}.Release|Any CPU.ActiveCfg = Release|Any CPU
		{66202E68-92E6-4C88-B442-67BC989D6429}.Release|Any CPU.Build.0 = Release|Any CPU
		{66202E68-92E6-4C88-B442-67BC989D6429}.Release|Mixed Platforms.ActiveCfg = Release|Any CPU
		{66202E68-92E6-4C88-B442-67BC989D6429}.Release|Mixed Platforms.Build.0 = Release|Any CPU
		{66202E68-92E6-4C88-B442-67BC989D6429}.Release|PHP 5.3.ActiveCfg = Release|Any CPU
		{66202E68-92E6-4C88-B442-67BC989D6429}.Release|x86.ActiveCfg = Release|Any CPU
		{66202E68-92E6-4C88-B442-67BC989D6429}.Staging|Any CPU.ActiveCfg = Release|Any CPU
		{66202E68-92E6-4C88-B442-67BC989D6429}.Staging|Any CPU.Build.0 = Release|Any CPU
		{66202E68-92E6-4C88-B442-67BC989D6429}.Staging|Mixed Platforms.ActiveCfg = Release|Any CPU
		{66202E68-92E6-4C88-B442-67BC989D6429}.Staging|Mixed Platforms.Build.0 = Release|Any CPU
		{66202E68-92E6-4C88-B442-67BC989D6429}.Staging|PHP 5.3.ActiveCfg = Release|Any CPU
		{66202E68-92E6-4C88-B442-67BC989D6429}.Staging|x86.ActiveCfg = Release|Any CPU
	EndGlobalSection
	GlobalSection(SolutionProperties) = preSolution
		HideSolutionNode = FALSE
	EndGlobalSection
EndGlobal
